
Microsoft Visual Studio Solution File, Format Version 11.00
# Visual Studio 2010
Project("{F088123C-0E9E-452A-89E6-6BA2F21D5CAC}") = "MonopolyModeling", "MonopolyModeling\MonopolyModeling.modelproj", "{60B8D001-2A6D-48CA-97EB-333CCBAA1CBE}"
EndProject
Project("{FAE04EC0-301F-11D3-BF4B-00C04F79EFBC}") = "MonopolyGameModel", "MonopolyGameModel\MonopolyGameModel.csproj", "{67C3847A-4D85-42F5-A1AA-1F08C1A4A8DF}"
EndProject
Project("{FAE04EC0-301F-11D3-BF4B-00C04F79EFBC}") = "MonopolyTester", "MonopolyTester\MonopolyTester.csproj", "{F1137DF9-B936-4631-84A0-B9B418F00C3A}"
EndProject
Project("{FAE04EC0-301F-11D3-BF4B-00C04F79EFBC}") = "MonopolyGameMaster", "MonopolyGameMaster\MonopolyGameMaster.csproj", "{1AE1CF77-565A-427F-B370-6205C0488135}"
EndProject
Project("{FAE04EC0-301F-11D3-BF4B-00C04F79EFBC}") = "MonopolyUnitTestProject", "MonopolyUnitTestProject\MonopolyUnitTestProject.csproj", "{920B002F-5BE8-4334-A935-3D964216CB52}"
EndProject
Project("{2150E333-8FDC-42A3-9474-1A3956D46DE8}") = "Solution Items", "Solution Items", "{E865ECE6-8D3C-4B11-A215-EB445BADFF39}"
	ProjectSection(SolutionItems) = preProject
		Local.testsettings = Local.testsettings
		Monopoly.vsmdi = Monopoly.vsmdi
		TraceAndTestImpact.testsettings = TraceAndTestImpact.testsettings
	EndProjectSection
EndProject
Global
	GlobalSection(TeamFoundationVersionControl) = preSolution
		SccNumberOfProjects = 6
		SccEnterpriseProvider = {4CA58AB2-18FA-4F8D-95D4-32DDF27D184C}
		SccTeamFoundationServer = https://tfs.codeplex.com/tfs/tfs25
		SccLocalPath0 = .
		SccProjectUniqueName1 = MonopolyModeling\\MonopolyModeling.modelproj
		SccProjectName1 = MonopolyModeling
		SccLocalPath1 = MonopolyModeling
		SccProjectUniqueName2 = MonopolyGameModel\\MonopolyGameModel.csproj
		SccProjectName2 = MonopolyGameModel
		SccLocalPath2 = MonopolyGameModel
		SccProjectUniqueName3 = MonopolyTester\\MonopolyTester.csproj
		SccProjectName3 = MonopolyTester
		SccLocalPath3 = MonopolyTester
		SccProjectUniqueName4 = MonopolyGameMaster\\MonopolyGameMaster.csproj
		SccProjectName4 = MonopolyGameMaster
		SccLocalPath4 = MonopolyGameMaster
		SccProjectUniqueName5 = MonopolyUnitTestProject\\MonopolyUnitTestProject.csproj
		SccProjectName5 = MonopolyUnitTestProject
		SccLocalPath5 = MonopolyUnitTestProject
	EndGlobalSection
	GlobalSection(TestCaseManagementSettings) = postSolution
		CategoryFile = Monopoly.vsmdi
	EndGlobalSection
	GlobalSection(SolutionConfigurationPlatforms) = preSolution
		Debug|Any CPU = Debug|Any CPU
		Debug|Mixed Platforms = Debug|Mixed Platforms
		Debug|x86 = Debug|x86
		Release|Any CPU = Release|Any CPU
		Release|Mixed Platforms = Release|Mixed Platforms
		Release|x86 = Release|x86
	EndGlobalSection
	GlobalSection(ProjectConfigurationPlatforms) = postSolution
		{60B8D001-2A6D-48CA-97EB-333CCBAA1CBE}.Debug|Any CPU.ActiveCfg = Debug|Any CPU
		{60B8D001-2A6D-48CA-97EB-333CCBAA1CBE}.Debug|Any CPU.Build.0 = Debug|Any CPU
		{60B8D001-2A6D-48CA-97EB-333CCBAA1CBE}.Debug|Mixed Platforms.ActiveCfg = Debug|Any CPU
		{60B8D001-2A6D-48CA-97EB-333CCBAA1CBE}.Debug|x86.ActiveCfg = Debug|Any CPU
		{60B8D001-2A6D-48CA-97EB-333CCBAA1CBE}.Release|Any CPU.ActiveCfg = Release|Any CPU
		{60B8D001-2A6D-48CA-97EB-333CCBAA1CBE}.Release|Any CPU.Build.0 = Release|Any CPU
		{60B8D001-2A6D-48CA-97EB-333CCBAA1CBE}.Release|Mixed Platforms.ActiveCfg = Release|Any CPU
		{60B8D001-2A6D-48CA-97EB-333CCBAA1CBE}.Release|x86.ActiveCfg = Release|Any CPU
		{67C3847A-4D85-42F5-A1AA-1F08C1A4A8DF}.Debug|Any CPU.ActiveCfg = Debug|Any CPU
		{67C3847A-4D85-42F5-A1AA-1F08C1A4A8DF}.Debug|Any CPU.Build.0 = Debug|Any CPU
		{67C3847A-4D85-42F5-A1AA-1F08C1A4A8DF}.Debug|Mixed Platforms.ActiveCfg = Debug|Any CPU
		{67C3847A-4D85-42F5-A1AA-1F08C1A4A8DF}.Debug|Mixed Platforms.Build.0 = Debug|Any CPU
		{67C3847A-4D85-42F5-A1AA-1F08C1A4A8DF}.Debug|x86.ActiveCfg = Debug|Any CPU
		{67C3847A-4D85-42F5-A1AA-1F08C1A4A8DF}.Release|Any CPU.ActiveCfg = Release|Any CPU
		{67C3847A-4D85-42F5-A1AA-1F08C1A4A8DF}.Release|Any CPU.Build.0 = Release|Any CPU
		{67C3847A-4D85-42F5-A1AA-1F08C1A4A8DF}.Release|Mixed Platforms.ActiveCfg = Release|Any CPU
		{67C3847A-4D85-42F5-A1AA-1F08C1A4A8DF}.Release|Mixed Platforms.Build.0 = Release|Any CPU
		{67C3847A-4D85-42F5-A1AA-1F08C1A4A8DF}.Release|x86.ActiveCfg = Release|Any CPU
		{F1137DF9-B936-4631-84A0-B9B418F00C3A}.Debug|Any CPU.ActiveCfg = Debug|x86
		{F1137DF9-B936-4631-84A0-B9B418F00C3A}.Debug|Any CPU.Build.0 = Debug|x86
		{F1137DF9-B936-4631-84A0-B9B418F00C3A}.Debug|Mixed Platforms.ActiveCfg = Debug|x86
		{F1137DF9-B936-4631-84A0-B9B418F00C3A}.Debug|Mixed Platforms.Build.0 = Debug|x86
		{F1137DF9-B936-4631-84A0-B9B418F00C3A}.Debug|x86.ActiveCfg = Debug|x86
		{F1137DF9-B936-4631-84A0-B9B418F00C3A}.Debug|x86.Build.0 = Debug|x86
		{F1137DF9-B936-4631-84A0-B9B418F00C3A}.Release|Any CPU.ActiveCfg = Release|x86
		{F1137DF9-B936-4631-84A0-B9B418F00C3A}.Release|Mixed Platforms.ActiveCfg = Release|x86
		{F1137DF9-B936-4631-84A0-B9B418F00C3A}.Release|Mixed Platforms.Build.0 = Release|x86
		{F1137DF9-B936-4631-84A0-B9B418F00C3A}.Release|x86.ActiveCfg = Release|x86
		{F1137DF9-B936-4631-84A0-B9B418F00C3A}.Release|x86.Build.0 = Release|x86
		{1AE1CF77-565A-427F-B370-6205C0488135}.Debug|Any CPU.ActiveCfg = Debug|Any CPU
		{1AE1CF77-565A-427F-B370-6205C0488135}.Debug|Any CPU.Build.0 = Debug|Any CPU
		{1AE1CF77-565A-427F-B370-6205C0488135}.Debug|Mixed Platforms.ActiveCfg = Debug|Any CPU
		{1AE1CF77-565A-427F-B370-6205C0488135}.Debug|Mixed Platforms.Build.0 = Debug|Any CPU
		{1AE1CF77-565A-427F-B370-6205C0488135}.Debug|x86.ActiveCfg = Debug|Any CPU
		{1AE1CF77-565A-427F-B370-6205C0488135}.Release|Any CPU.ActiveCfg = Release|Any CPU
		{1AE1CF77-565A-427F-B370-6205C0488135}.Release|Any CPU.Build.0 = Release|Any CPU
		{1AE1CF77-565A-427F-B370-6205C0488135}.Release|Mixed Platforms.ActiveCfg = Release|Any CPU
		{1AE1CF77-565A-427F-B370-6205C0488135}.Release|Mixed Platforms.Build.0 = Release|Any CPU
		{1AE1CF77-565A-427F-B370-6205C0488135}.Release|x86.ActiveCfg = Release|Any CPU
		{920B002F-5BE8-4334-A935-3D964216CB52}.Debug|Any CPU.ActiveCfg = Debug|Any CPU
		{920B002F-5BE8-4334-A935-3D964216CB52}.Debug|Any CPU.Build.0 = Debug|Any CPU
		{920B002F-5BE8-4334-A935-3D964216CB52}.Debug|Mixed Platforms.ActiveCfg = Debug|Any CPU
		{920B002F-5BE8-4334-A935-3D964216CB52}.Debug|Mixed Platforms.Build.0 = Debug|Any CPU
		{920B002F-5BE8-4334-A935-3D964216CB52}.Debug|x86.ActiveCfg = Debug|Any CPU
		{920B002F-5BE8-4334-A935-3D964216CB52}.Release|Any CPU.ActiveCfg = Release|Any CPU
		{920B002F-5BE8-4334-A935-3D964216CB52}.Release|Any CPU.Build.0 = Release|Any CPU
		{920B002F-5BE8-4334-A935-3D964216CB52}.Release|Mixed Platforms.ActiveCfg = Release|Any CPU
		{920B002F-5BE8-4334-A935-3D964216CB52}.Release|Mixed Platforms.Build.0 = Release|Any CPU
		{920B002F-5BE8-4334-A935-3D964216CB52}.Release|x86.ActiveCfg = Release|Any CPU
	EndGlobalSection
	GlobalSection(SolutionProperties) = preSolution
		HideSolutionNode = FALSE
	EndGlobalSection
EndGlobal
